{
  "requires": true,
  "lockfileVersion": 1,
  "dependencies": {
    "bootstrap": {
      "version": "4.1.3",
      "resolved": "https://registry.npmjs.org/bootstrap/-/bootstrap-4.1.3.tgz",
      "integrity": "sha512-rDFIzgXcof0jDyjNosjv4Sno77X4KuPeFxG2XZZv1/Kc8DRVGVADdoQyyOVDwPqL36DDmtCQbrpMCqvpPLJQ0w=="
    },
    "jquery": {
      "version": "3.3.1",
      "resolved": "https://registry.npmjs.org/jquery/-/jquery-3.3.1.tgz",
      "integrity": "sha512-Ubldcmxp5np52/ENotGxlLe6aGMvmF4R8S6tZjsP6Knsaxd/xp3Zrh50cG93lR6nPXyUFwzN3ZSOQI0wRJNdGg=="
    },
    "startbootstrap-simple-sidebar": {
      "version": "4.1.1",
      "resolved": "https://registry.npmjs.org/startbootstrap-simple-sidebar/-/startbootstrap-simple-sidebar-4.1.1.tgz",
      "integrity": "sha512-sKANINsEczHYGnTKCbTmutI8elV5wvzVPrVtuuDuK2bUhly6FsqGjn0OzIU48mrq1Zo0LhoHq27mf1sdl8qOsA==",
      "requires": {
        "bootstrap": "4.1.1",
        "jquery": "3.3.1"
      },
      "dependencies": {
        "bootstrap": {
          "version": "4.1.1",
          "resolved": "https://registry.npmjs.org/bootstrap/-/bootstrap-4.1.1.tgz",
          "integrity": "sha512-SpiDSOcbg4J/PjVSt4ny5eY6j74VbVSjROY4Fb/WIUXBV9cnb5luyR4KnPvNoXuGnBK1T+nJIWqRsvU3yP8Mcg=="
        }
      }
    }
  }
}
